// !$*UTF8*$!
{
	archiveVersion = 1;
	classes = {
	};
	objectVersion = 46;
	objects = {

/* Begin PBXBuildFile section */
		649EDCDB17C84A6B00959F54 /* IndexReturnChartView.m in Sources */ = {isa = PBXBuildFile; fileRef = 649EDCDA17C84A6B00959F54 /* IndexReturnChartView.m */; };
		649EDCDD17C84A8900959F54 /* IndexReturnChartView.xib in Resources */ = {isa = PBXBuildFile; fileRef = 649EDCDC17C84A8900959F54 /* IndexReturnChartView.xib */; };
		649EDCE017C8620600959F54 /* IndexPerformanceChartView.m in Sources */ = {isa = PBXBuildFile; fileRef = 649EDCDF17C8620600959F54 /* IndexPerformanceChartView.m */; };
		649EDCE317C8684100959F54 /* IndexPerformanceViewController.m in Sources */ = {isa = PBXBuildFile; fileRef = 649EDCE217C8684100959F54 /* IndexPerformanceViewController.m */; };
		EFA7FAE117C847B900B8637E /* UIKit.framework in Frameworks */ = {isa = PBXBuildFile; fileRef = EFA7FAE017C847B900B8637E /* UIKit.framework */; };
		EFA7FAE317C847B900B8637E /* Foundation.framework in Frameworks */ = {isa = PBXBuildFile; fileRef = EFA7FAE217C847B900B8637E /* Foundation.framework */; };
		EFA7FAE517C847B900B8637E /* CoreGraphics.framework in Frameworks */ = {isa = PBXBuildFile; fileRef = EFA7FAE417C847B900B8637E /* CoreGraphics.framework */; };
		EFA7FAEB17C847B900B8637E /* InfoPlist.strings in Resources */ = {isa = PBXBuildFile; fileRef = EFA7FAE917C847B900B8637E /* InfoPlist.strings */; };
		EFA7FAED17C847B900B8637E /* main.m in Sources */ = {isa = PBXBuildFile; fileRef = EFA7FAEC17C847B900B8637E /* main.m */; };
		EFA7FAF117C847B900B8637E /* AppDelegate.m in Sources */ = {isa = PBXBuildFile; fileRef = EFA7FAF017C847B900B8637E /* AppDelegate.m */; };
		EFA7FAF317C847B900B8637E /* Default.png in Resources */ = {isa = PBXBuildFile; fileRef = EFA7FAF217C847B900B8637E /* Default.png */; };
		EFA7FAF517C847B900B8637E /* Default@2x.png in Resources */ = {isa = PBXBuildFile; fileRef = EFA7FAF417C847B900B8637E /* Default@2x.png */; };
		EFA7FAF717C847B900B8637E /* Default-568h@2x.png in Resources */ = {isa = PBXBuildFile; fileRef = EFA7FAF617C847B900B8637E /* Default-568h@2x.png */; };
		EFA7FAFF17C847CC00B8637E /* GridViewController.m in Sources */ = {isa = PBXBuildFile; fileRef = EFA7FAFE17C847CC00B8637E /* GridViewController.m */; };
		EFA7FB0217C847D600B8637E /* MatrixViewController.m in Sources */ = {isa = PBXBuildFile; fileRef = EFA7FB0117C847D600B8637E /* MatrixViewController.m */; };
		EFA7FB0517C88AB500B8637E /* MatrixCollectionViewLayout.m in Sources */ = {isa = PBXBuildFile; fileRef = EFA7FB0417C88AB500B8637E /* MatrixCollectionViewLayout.m */; };
		EFA7FB0817C894E600B8637E /* LabelCollectionViewCell.m in Sources */ = {isa = PBXBuildFile; fileRef = EFA7FB0717C894E600B8637E /* LabelCollectionViewCell.m */; };
/* End PBXBuildFile section */

/* Begin PBXFileReference section */
		649EDCD917C84A6B00959F54 /* IndexReturnChartView.h */ = {isa = PBXFileReference; fileEncoding = 4; lastKnownFileType = sourcecode.c.h; path = IndexReturnChartView.h; sourceTree = "<group>"; };
		649EDCDA17C84A6B00959F54 /* IndexReturnChartView.m */ = {isa = PBXFileReference; fileEncoding = 4; lastKnownFileType = sourcecode.c.objc; path = IndexReturnChartView.m; sourceTree = "<group>"; };
		649EDCDC17C84A8900959F54 /* IndexReturnChartView.xib */ = {isa = PBXFileReference; fileEncoding = 4; lastKnownFileType = file.xib; path = IndexReturnChartView.xib; sourceTree = "<group>"; };
		649EDCDE17C8620600959F54 /* IndexPerformanceChartView.h */ = {isa = PBXFileReference; fileEncoding = 4; lastKnownFileType = sourcecode.c.h; path = IndexPerformanceChartView.h; sourceTree = "<group>"; };
		649EDCDF17C8620600959F54 /* IndexPerformanceChartView.m */ = {isa = PBXFileReference; fileEncoding = 4; lastKnownFileType = sourcecode.c.objc; path = IndexPerformanceChartView.m; sourceTree = "<group>"; };
		649EDCE117C8684100959F54 /* IndexPerformanceViewController.h */ = {isa = PBXFileReference; fileEncoding = 4; lastKnownFileType = sourcecode.c.h; path = IndexPerformanceViewController.h; sourceTree = "<group>"; };
		649EDCE217C8684100959F54 /* IndexPerformanceViewController.m */ = {isa = PBXFileReference; fileEncoding = 4; lastKnownFileType = sourcecode.c.objc; path = IndexPerformanceViewController.m; sourceTree = "<group>"; };
		EFA7FADD17C847B900B8637E /* Matrix.app */ = {isa = PBXFileReference; explicitFileType = wrapper.application; includeInIndex = 0; path = Matrix.app; sourceTree = BUILT_PRODUCTS_DIR; };
		EFA7FAE017C847B900B8637E /* UIKit.framework */ = {isa = PBXFileReference; lastKnownFileType = wrapper.framework; name = UIKit.framework; path = System/Library/Frameworks/UIKit.framework; sourceTree = SDKROOT; };
		EFA7FAE217C847B900B8637E /* Foundation.framework */ = {isa = PBXFileReference; lastKnownFileType = wrapper.framework; name = Foundation.framework; path = System/Library/Frameworks/Foundation.framework; sourceTree = SDKROOT; };
		EFA7FAE417C847B900B8637E /* CoreGraphics.framework */ = {isa = PBXFileReference; lastKnownFileType = wrapper.framework; name = CoreGraphics.framework; path = System/Library/Frameworks/CoreGraphics.framework; sourceTree = SDKROOT; };
		EFA7FAE817C847B900B8637E /* Matrix-Info.plist */ = {isa = PBXFileReference; lastKnownFileType = text.plist.xml; path = "Matrix-Info.plist"; sourceTree = "<group>"; };
		EFA7FAEA17C847B900B8637E /* en */ = {isa = PBXFileReference; lastKnownFileType = text.plist.strings; name = en; path = en.lproj/InfoPlist.strings; sourceTree = "<group>"; };
		EFA7FAEC17C847B900B8637E /* main.m */ = {isa = PBXFileReference; lastKnownFileType = sourcecode.c.objc; path = main.m; sourceTree = "<group>"; };
		EFA7FAEE17C847B900B8637E /* Matrix-Prefix.pch */ = {isa = PBXFileReference; lastKnownFileType = sourcecode.c.h; path = "Matrix-Prefix.pch"; sourceTree = "<group>"; };
		EFA7FAEF17C847B900B8637E /* AppDelegate.h */ = {isa = PBXFileReference; lastKnownFileType = sourcecode.c.h; path = AppDelegate.h; sourceTree = "<group>"; };
		EFA7FAF017C847B900B8637E /* AppDelegate.m */ = {isa = PBXFileReference; lastKnownFileType = sourcecode.c.objc; path = AppDelegate.m; sourceTree = "<group>"; };
		EFA7FAF217C847B900B8637E /* Default.png */ = {isa = PBXFileReference; lastKnownFileType = image.png; path = Default.png; sourceTree = "<group>"; };
		EFA7FAF417C847B900B8637E /* Default@2x.png */ = {isa = PBXFileReference; lastKnownFileType = image.png; path = "Default@2x.png"; sourceTree = "<group>"; };
		EFA7FAF617C847B900B8637E /* Default-568h@2x.png */ = {isa = PBXFileReference; lastKnownFileType = image.png; path = "Default-568h@2x.png"; sourceTree = "<group>"; };
		EFA7FAFD17C847CC00B8637E /* GridViewController.h */ = {isa = PBXFileReference; fileEncoding = 4; lastKnownFileType = sourcecode.c.h; path = GridViewController.h; sourceTree = "<group>"; };
		EFA7FAFE17C847CC00B8637E /* GridViewController.m */ = {isa = PBXFileReference; fileEncoding = 4; lastKnownFileType = sourcecode.c.objc; path = GridViewController.m; sourceTree = "<group>"; };
		EFA7FB0017C847D600B8637E /* MatrixViewController.h */ = {isa = PBXFileReference; fileEncoding = 4; lastKnownFileType = sourcecode.c.h; path = MatrixViewController.h; sourceTree = "<group>"; };
		EFA7FB0117C847D600B8637E /* MatrixViewController.m */ = {isa = PBXFileReference; fileEncoding = 4; lastKnownFileType = sourcecode.c.objc; path = MatrixViewController.m; sourceTree = "<group>"; };
		EFA7FB0317C88AB500B8637E /* MatrixCollectionViewLayout.h */ = {isa = PBXFileReference; fileEncoding = 4; lastKnownFileType = sourcecode.c.h; path = MatrixCollectionViewLayout.h; sourceTree = "<group>"; };
		EFA7FB0417C88AB500B8637E /* MatrixCollectionViewLayout.m */ = {isa = PBXFileReference; fileEncoding = 4; lastKnownFileType = sourcecode.c.objc; path = MatrixCollectionViewLayout.m; sourceTree = "<group>"; };
		EFA7FB0617C894E600B8637E /* LabelCollectionViewCell.h */ = {isa = PBXFileReference; fileEncoding = 4; lastKnownFileType = sourcecode.c.h; path = LabelCollectionViewCell.h; sourceTree = "<group>"; };
		EFA7FB0717C894E600B8637E /* LabelCollectionViewCell.m */ = {isa = PBXFileReference; fileEncoding = 4; lastKnownFileType = sourcecode.c.objc; path = LabelCollectionViewCell.m; sourceTree = "<group>"; };
/* End PBXFileReference section */

/* Begin PBXFrameworksBuildPhase section */
		EFA7FADA17C847B900B8637E /* Frameworks */ = {
			isa = PBXFrameworksBuildPhase;
			buildActionMask = 2147483647;
			files = (
				EFA7FAE117C847B900B8637E /* UIKit.framework in Frameworks */,
				EFA7FAE317C847B900B8637E /* Foundation.framework in Frameworks */,
				EFA7FAE517C847B900B8637E /* CoreGraphics.framework in Frameworks */,
			);
			runOnlyForDeploymentPostprocessing = 0;
		};
/* End PBXFrameworksBuildPhase section */

/* Begin PBXGroup section */
		649EDCD817C84A4700959F54 /* IndexReturnChart */ = {
			isa = PBXGroup;
			children = (
				649EDCD917C84A6B00959F54 /* IndexReturnChartView.h */,
				649EDCDA17C84A6B00959F54 /* IndexReturnChartView.m */,
				649EDCDC17C84A8900959F54 /* IndexReturnChartView.xib */,
				649EDCDE17C8620600959F54 /* IndexPerformanceChartView.h */,
				649EDCDF17C8620600959F54 /* IndexPerformanceChartView.m */,
				649EDCE117C8684100959F54 /* IndexPerformanceViewController.h */,
				649EDCE217C8684100959F54 /* IndexPerformanceViewController.m */,
			);
			name = IndexReturnChart;
			sourceTree = "<group>";
		};
		EFA7FAD417C847B900B8637E = {
			isa = PBXGroup;
			children = (
				EFA7FAE617C847B900B8637E /* Matrix */,
				EFA7FADF17C847B900B8637E /* Frameworks */,
				EFA7FADE17C847B900B8637E /* Products */,
			);
			sourceTree = "<group>";
		};
		EFA7FADE17C847B900B8637E /* Products */ = {
			isa = PBXGroup;
			children = (
				EFA7FADD17C847B900B8637E /* Matrix.app */,
			);
			name = Products;
			sourceTree = "<group>";
		};
		EFA7FADF17C847B900B8637E /* Frameworks */ = {
			isa = PBXGroup;
			children = (
				EFA7FAE017C847B900B8637E /* UIKit.framework */,
				EFA7FAE217C847B900B8637E /* Foundation.framework */,
				EFA7FAE417C847B900B8637E /* CoreGraphics.framework */,
			);
			name = Frameworks;
			sourceTree = "<group>";
		};
		EFA7FAE617C847B900B8637E /* Matrix */ = {
			isa = PBXGroup;
			children = (
				649EDCD817C84A4700959F54 /* IndexReturnChart */,
				EFA7FAEF17C847B900B8637E /* AppDelegate.h */,
				EFA7FAF017C847B900B8637E /* AppDelegate.m */,
				EFA7FAFD17C847CC00B8637E /* GridViewController.h */,
				EFA7FAFE17C847CC00B8637E /* GridViewController.m */,
				EFA7FB0017C847D600B8637E /* MatrixViewController.h */,
				EFA7FB0117C847D600B8637E /* MatrixViewController.m */,
				EFA7FB0617C894E600B8637E /* LabelCollectionViewCell.h */,
				EFA7FB0717C894E600B8637E /* LabelCollectionViewCell.m */,
				EFA7FB0317C88AB500B8637E /* MatrixCollectionViewLayout.h */,
				EFA7FB0417C88AB500B8637E /* MatrixCollectionViewLayout.m */,
				EFA7FAE717C847B900B8637E /* Supporting Files */,
			);
			path = Matrix;
			sourceTree = "<group>";
		};
		EFA7FAE717C847B900B8637E /* Supporting Files */ = {
			isa = PBXGroup;
			children = (
				EFA7FAE817C847B900B8637E /* Matrix-Info.plist */,
				EFA7FAE917C847B900B8637E /* InfoPlist.strings */,
				EFA7FAEC17C847B900B8637E /* main.m */,
				EFA7FAEE17C847B900B8637E /* Matrix-Prefix.pch */,
				EFA7FAF217C847B900B8637E /* Default.png */,
				EFA7FAF417C847B900B8637E /* Default@2x.png */,
				EFA7FAF617C847B900B8637E /* Default-568h@2x.png */,
			);
			name = "Supporting Files";
			sourceTree = "<group>";
		};
/* End PBXGroup section */

/* Begin PBXNativeTarget section */
		EFA7FADC17C847B900B8637E /* Matrix */ = {
			isa = PBXNativeTarget;
			buildConfigurationList = EFA7FAFA17C847B900B8637E /* Build configuration list for PBXNativeTarget "Matrix" */;
			buildPhases = (
				EFA7FAD917C847B900B8637E /* Sources */,
				EFA7FADA17C847B900B8637E /* Frameworks */,
				EFA7FADB17C847B900B8637E /* Resources */,
			);
			buildRules = (
			);
			dependencies = (
			);
			name = Matrix;
			productName = Matrix;
			productReference = EFA7FADD17C847B900B8637E /* Matrix.app */;
			productType = "com.apple.product-type.application";
		};
/* End PBXNativeTarget section */

/* Begin PBXProject section */
		EFA7FAD517C847B900B8637E /* Project object */ = {
			isa = PBXProject;
			attributes = {
				LastUpgradeCheck = 0460;
				ORGANIZATIONNAME = Cocoaheads;
			};
			buildConfigurationList = EFA7FAD817C847B900B8637E /* Build configuration list for PBXProject "Matrix" */;
			compatibilityVersion = "Xcode 3.2";
			developmentRegion = English;
			hasScannedForEncodings = 0;
			knownRegions = (
				en,
			);
			mainGroup = EFA7FAD417C847B900B8637E;
			productRefGroup = EFA7FADE17C847B900B8637E /* Products */;
			projectDirPath = "";
			projectRoot = "";
			targets = (
				EFA7FADC17C847B900B8637E /* Matrix */,
			);
		};
/* End PBXProject section */

/* Begin PBXResourcesBuildPhase section */
		EFA7FADB17C847B900B8637E /* Resources */ = {
			isa = PBXResourcesBuildPhase;
			buildActionMask = 2147483647;
			files = (
				EFA7FAEB17C847B900B8637E /* InfoPlist.strings in Resources */,
				EFA7FAF317C847B900B8637E /* Default.png in Resources */,
				EFA7FAF517C847B900B8637E /* Default@2x.png in Resources */,
				EFA7FAF717C847B900B8637E /* Default-568h@2x.png in Resources */,
				649EDCDD17C84A8900959F54 /* IndexReturnChartView.xib in Resources */,
			);
			runOnlyForDeploymentPostprocessing = 0;
		};
/* End PBXResourcesBuildPhase section */

/* Begin PBXSourcesBuildPhase section */
		EFA7FAD917C847B900B8637E /* Sources */ = {
			isa = PBXSourcesBuildPhase;
			buildActionMask = 2147483647;
			files = (
				EFA7FAED17C847B900B8637E /* main.m in Sources */,
				EFA7FAF117C847B900B8637E /* AppDelegate.m in Sources */,
				EFA7FAFF17C847CC00B8637E /* GridViewController.m in Sources */,
				EFA7FB0217C847D600B8637E /* MatrixViewController.m in Sources */,
				649EDCDB17C84A6B00959F54 /* IndexReturnChartView.m in Sources */,
				649EDCE017C8620600959F54 /* IndexPerformanceChartView.m in Sources */,
				649EDCE317C8684100959F54 /* IndexPerformanceViewController.m in Sources */,
				EFA7FB0517C88AB500B8637E /* MatrixCollectionViewLayout.m in Sources */,
				EFA7FB0817C894E600B8637E /* LabelCollectionViewCell.m in Sources */,
			);
			runOnlyForDeploymentPostprocessing = 0;
		};
/* End PBXSourcesBuildPhase section */

/* Begin PBXVariantGroup section */
		EFA7FAE917C847B900B8637E /* InfoPlist.strings */ = {
			isa = PBXVariantGroup;
			children = (
				EFA7FAEA17C847B900B8637E /* en */,
			);
			name = InfoPlist.strings;
			sourceTree = "<group>";
		};
/* End PBXVariantGroup section */

/* Begin XCBuildConfiguration section */
		EFA7FAF817C847B900B8637E /* Debug */ = {
			isa = XCBuildConfiguration;
			buildSettings = {
				ALWAYS_SEARCH_USER_PATHS = NO;
				CLANG_CXX_LANGUAGE_STANDARD = "gnu++0x";
				CLANG_CXX_LIBRARY = "libc++";
				CLANG_ENABLE_OBJC_ARC = YES;
				CLANG_WARN_CONSTANT_CONVERSION = YES;
				CLANG_WARN_EMPTY_BODY = YES;
				CLANG_WARN_ENUM_CONVERSION = YES;
				CLANG_WARN_INT_CONVERSION = YES;
				CLANG_WARN__DUPLICATE_METHOD_MATCH = YES;
				"CODE_SIGN_IDENTITY[sdk=iphoneos*]" = "iPhone Developer";
				COPY_PHASE_STRIP = NO;
				GCC_C_LANGUAGE_STANDARD = gnu99;
				GCC_DYNAMIC_NO_PIC = NO;
				GCC_OPTIMIZATION_LEVEL = 0;
				GCC_PREPROCESSOR_DEFINITIONS = (
					"DEBUG=1",
					"$(inherited)",
				);
				GCC_SYMBOLS_PRIVATE_EXTERN = NO;
				GCC_WARN_ABOUT_RETURN_TYPE = YES;
				GCC_WARN_UNINITIALIZED_AUTOS = YES;
				GCC_WARN_UNUSED_VARIABLE = YES;
				IPHONEOS_DEPLOYMENT_TARGET = 6.1;
				ONLY_ACTIVE_ARCH = YES;
				SDKROOT = iphoneos;
				TARGETED_DEVICE_FAMILY = 2;
			};
			name = Debug;
		};
		EFA7FAF917C847B900B8637E /* Release */ = {
			isa = XCBuildConfiguration;
			buildSettings = {
				ALWAYS_SEARCH_USER_PATHS = NO;
				CLANG_CXX_LANGUAGE_STANDARD = "gnu++0x";
				CLANG_CXX_LIBRARY = "libc++";
				CLANG_ENABLE_OBJC_ARC = YES;
				CLANG_WARN_CONSTANT_CONVERSION = YES;
				CLANG_WARN_EMPTY_BODY = YES;
				CLANG_WARN_ENUM_CONVERSION = YES;
				CLANG_WARN_INT_CONVERSION = YES;
				CLANG_WARN__DUPLICATE_METHOD_MATCH = YES;
				"CODE_SIGN_IDENTITY[sdk=iphoneos*]" = "iPhone Developer";
				COPY_PHASE_STRIP = YES;
				GCC_C_LANGUAGE_STANDARD = gnu99;
				GCC_WARN_ABOUT_RETURN_TYPE = YES;
				GCC_WARN_UNINITIALIZED_AUTOS = YES;
				GCC_WARN_UNUSED_VARIABLE = YES;
				IPHONEOS_DEPLOYMENT_TARGET = 6.1;
				OTHER_CFLAGS = "-DNS_BLOCK_ASSERTIONS=1";
				SDKROOT = iphoneos;
				TARGETED_DEVICE_FAMILY = 2;
				VALIDATE_PRODUCT = YES;
			};
			name = Release;
		};
		EFA7FAFB17C847B900B8637E /* Debug */ = {
			isa = XCBuildConfiguration;
			buildSettings = {
				GCC_PRECOMPILE_PREFIX_HEADER = YES;
				GCC_PREFIX_HEADER = "Matrix/Matrix-Prefix.pch";
				INFOPLIST_FILE = "Matrix/Matrix-Info.plist";
				PRODUCT_NAME = "$(TARGET_NAME)";
				WRAPPER_EXTENSION = app;
			};
			name = Debug;
		};
		EFA7FAFC17C847B900B8637E /* Release */ = {
			isa = XCBuildConfiguration;
			buildSettings = {
				GCC_PRECOMPILE_PREFIX_HEADER = YES;
				GCC_PREFIX_HEADER = "Matrix/Matrix-Prefix.pch";
				INFOPLIST_FILE = "Matrix/Matrix-Info.plist";
				PRODUCT_NAME = "$(TARGET_NAME)";
				WRAPPER_EXTENSION = app;
			};
			name = Release;
		};
/* End XCBuildConfiguration section */

/* Begin XCConfigurationList section */
		EFA7FAD817C847B900B8637E /* Build configuration list for PBXProject "Matrix" */ = {
			isa = XCConfigurationList;
			buildConfigurations = (
				EFA7FAF817C847B900B8637E /* Debug */,
				EFA7FAF917C847B900B8637E /* Release */,
			);
			defaultConfigurationIsVisible = 0;
			defaultConfigurationName = Release;
		};
		EFA7FAFA17C847B900B8637E /* Build configuration list for PBXNativeTarget "Matrix" */ = {
			isa = XCConfigurationList;
			buildConfigurations = (
				EFA7FAFB17C847B900B8637E /* Debug */,
				EFA7FAFC17C847B900B8637E /* Release */,
			);
			defaultConfigurationIsVisible = 0;
			defaultConfigurationName = Release;
		};
/* End XCConfigurationList section */
	};
	rootObject = EFA7FAD517C847B900B8637E /* Project object */;
}
